
Microsoft Visual Studio Solution File, Format Version 12.00
# Visual Studio Version 17
VisualStudioVersion = 17.6.33829.357
MinimumVisualStudioVersion = 10.0.40219.1
Project("{FAE04EC0-301F-11D3-BF4B-00C04F79EFBC}") = "ProximityUploadEngine", "ProximityUploadEngine\ProximityUploadEngine.csproj", "{F2EC42DA-D8AD-45F8-B2C7-A5D0D528C2CE}"
EndProject
Project("{2150E333-8FDC-42A3-9474-1A3956D46DE8}") = "Solution Items", "Solution Items", "{185AA120-DBD5-4FB3-9C4B-3B1E7AE012FF}"
	ProjectSection(SolutionItems) = preProject
		.editorconfig = .editorconfig
	EndProjectSection
EndProject
Global
	GlobalSection(SolutionConfigurationPlatforms) = preSolution
		Debug|Any CPU = Debug|Any CPU
		Release|Any CPU = Release|Any CPU
	EndGlobalSection
	GlobalSection(ProjectConfigurationPlatforms) = postSolution
		{F2EC42DA-D8AD-45F8-B2C7-A5D0D528C2CE}.Debug|Any CPU.ActiveCfg = Debug|Any CPU
		{F2EC42DA-D8AD-45F8-B2C7-A5D0D528C2CE}.Debug|Any CPU.Build.0 = Debug|Any CPU
		{F2EC42DA-D8AD-45F8-B2C7-A5D0D528C2CE}.Release|Any CPU.ActiveCfg = Release|Any CPU
		{F2EC42DA-D8AD-45F8-B2C7-A5D0D528C2CE}.Release|Any CPU.Build.0 = Release|Any CPU
	EndGlobalSection
	GlobalSection(SolutionProperties) = preSolution
		HideSolutionNode = FALSE
	EndGlobalSection
	GlobalSection(ExtensibilityGlobals) = postSolution
		SolutionGuid = {4466FBB4-B03F-4C8B-BB91-8B56C3A4D03B}
	EndGlobalSection
EndGlobal
